// !$*UTF8*$!
{
	archiveVersion = 1;
	classes = {
	};
	objectVersion = 46;
	objects = {

/* Begin PBXBuildFile section */
		177C733119A59A3D001BF2C1 /* AppDelegate.swift in Sources */ = {isa = PBXBuildFile; fileRef = 177C733019A59A3D001BF2C1 /* AppDelegate.swift */; };
		177C733419A59A3D001BF2C1 /* Shutterbug.xcdatamodeld in Sources */ = {isa = PBXBuildFile; fileRef = 177C733219A59A3D001BF2C1 /* Shutterbug.xcdatamodeld */; };
		177C733619A59A3D001BF2C1 /* ViewController.swift in Sources */ = {isa = PBXBuildFile; fileRef = 177C733519A59A3D001BF2C1 /* ViewController.swift */; };
		177C733919A59A3D001BF2C1 /* Main_iPhone.storyboard in Resources */ = {isa = PBXBuildFile; fileRef = 177C733719A59A3D001BF2C1 /* Main_iPhone.storyboard */; };
		177C733B19A59A3D001BF2C1 /* Images.xcassets in Resources */ = {isa = PBXBuildFile; fileRef = 177C733A19A59A3D001BF2C1 /* Images.xcassets */; };
		177C734719A59A3D001BF2C1 /* ShutterbugTests.swift in Sources */ = {isa = PBXBuildFile; fileRef = 177C734619A59A3D001BF2C1 /* ShutterbugTests.swift */; };
		177C735119A59A79001BF2C1 /* FlickrFetcher.swift in Sources */ = {isa = PBXBuildFile; fileRef = 177C735019A59A79001BF2C1 /* FlickrFetcher.swift */; };
		177C735419A59AC2001BF2C1 /* Main_iPad.storyboard in Resources */ = {isa = PBXBuildFile; fileRef = 177C735219A59AC2001BF2C1 /* Main_iPad.storyboard */; };
		177C735619A59BB1001BF2C1 /* FlickrPhotosTVC.swift in Sources */ = {isa = PBXBuildFile; fileRef = 177C735519A59BB1001BF2C1 /* FlickrPhotosTVC.swift */; };
		177C735819A59C9D001BF2C1 /* JustPostedFlickrPhotosTVC.swift in Sources */ = {isa = PBXBuildFile; fileRef = 177C735719A59C9D001BF2C1 /* JustPostedFlickrPhotosTVC.swift */; };
		177C735A19A5A71D001BF2C1 /* ImageViewController.swift in Sources */ = {isa = PBXBuildFile; fileRef = 177C735919A5A71D001BF2C1 /* ImageViewController.swift */; };
/* End PBXBuildFile section */

/* Begin PBXContainerItemProxy section */
		177C734119A59A3D001BF2C1 /* PBXContainerItemProxy */ = {
			isa = PBXContainerItemProxy;
			containerPortal = 177C732319A59A3D001BF2C1 /* Project object */;
			proxyType = 1;
			remoteGlobalIDString = 177C732A19A59A3D001BF2C1;
			remoteInfo = Shutterbug;
		};
/* End PBXContainerItemProxy section */

/* Begin PBXFileReference section */
		177C732B19A59A3D001BF2C1 /* Shutterbug.app */ = {isa = PBXFileReference; explicitFileType = wrapper.application; includeInIndex = 0; path = Shutterbug.app; sourceTree = BUILT_PRODUCTS_DIR; };
		177C732F19A59A3D001BF2C1 /* Info.plist */ = {isa = PBXFileReference; lastKnownFileType = text.plist.xml; path = Info.plist; sourceTree = "<group>"; };
		177C733019A59A3D001BF2C1 /* AppDelegate.swift */ = {isa = PBXFileReference; lastKnownFileType = sourcecode.swift; path = AppDelegate.swift; sourceTree = "<group>"; };
		177C733319A59A3D001BF2C1 /* Shutterbug.xcdatamodel */ = {isa = PBXFileReference; lastKnownFileType = wrapper.xcdatamodel; path = Shutterbug.xcdatamodel; sourceTree = "<group>"; };
		177C733519A59A3D001BF2C1 /* ViewController.swift */ = {isa = PBXFileReference; lastKnownFileType = sourcecode.swift; path = ViewController.swift; sourceTree = "<group>"; };
		177C733819A59A3D001BF2C1 /* Base */ = {isa = PBXFileReference; lastKnownFileType = file.storyboard; name = Base; path = Base.lproj/Main_iPhone.storyboard; sourceTree = "<group>"; };
		177C733A19A59A3D001BF2C1 /* Images.xcassets */ = {isa = PBXFileReference; lastKnownFileType = folder.assetcatalog; path = Images.xcassets; sourceTree = "<group>"; };
		177C734019A59A3D001BF2C1 /* ShutterbugTests.xctest */ = {isa = PBXFileReference; explicitFileType = wrapper.cfbundle; includeInIndex = 0; path = ShutterbugTests.xctest; sourceTree = BUILT_PRODUCTS_DIR; };
		177C734519A59A3D001BF2C1 /* Info.plist */ = {isa = PBXFileReference; lastKnownFileType = text.plist.xml; path = Info.plist; sourceTree = "<group>"; };
		177C734619A59A3D001BF2C1 /* ShutterbugTests.swift */ = {isa = PBXFileReference; lastKnownFileType = sourcecode.swift; path = ShutterbugTests.swift; sourceTree = "<group>"; };
		177C735019A59A79001BF2C1 /* FlickrFetcher.swift */ = {isa = PBXFileReference; fileEncoding = 4; lastKnownFileType = sourcecode.swift; path = FlickrFetcher.swift; sourceTree = "<group>"; };
		177C735319A59AC2001BF2C1 /* Base */ = {isa = PBXFileReference; lastKnownFileType = file.storyboard; name = Base; path = Base.lproj/Main_iPad.storyboard; sourceTree = "<group>"; };
		177C735519A59BB1001BF2C1 /* FlickrPhotosTVC.swift */ = {isa = PBXFileReference; fileEncoding = 4; lastKnownFileType = sourcecode.swift; path = FlickrPhotosTVC.swift; sourceTree = "<group>"; };
		177C735719A59C9D001BF2C1 /* JustPostedFlickrPhotosTVC.swift */ = {isa = PBXFileReference; fileEncoding = 4; lastKnownFileType = sourcecode.swift; path = JustPostedFlickrPhotosTVC.swift; sourceTree = "<group>"; };
		177C735919A5A71D001BF2C1 /* ImageViewController.swift */ = {isa = PBXFileReference; fileEncoding = 4; lastKnownFileType = sourcecode.swift; path = ImageViewController.swift; sourceTree = "<group>"; };
/* End PBXFileReference section */

/* Begin PBXFrameworksBuildPhase section */
		177C732819A59A3D001BF2C1 /* Frameworks */ = {
			isa = PBXFrameworksBuildPhase;
			buildActionMask = 2147483647;
			files = (
			);
			runOnlyForDeploymentPostprocessing = 0;
		};
		177C733D19A59A3D001BF2C1 /* Frameworks */ = {
			isa = PBXFrameworksBuildPhase;
			buildActionMask = 2147483647;
			files = (
			);
			runOnlyForDeploymentPostprocessing = 0;
		};
/* End PBXFrameworksBuildPhase section */

/* Begin PBXGroup section */
		177C732219A59A3D001BF2C1 = {
			isa = PBXGroup;
			children = (
				177C732D19A59A3D001BF2C1 /* Shutterbug */,
				177C734319A59A3D001BF2C1 /* ShutterbugTests */,
				177C732C19A59A3D001BF2C1 /* Products */,
			);
			sourceTree = "<group>";
		};
		177C732C19A59A3D001BF2C1 /* Products */ = {
			isa = PBXGroup;
			children = (
				177C732B19A59A3D001BF2C1 /* Shutterbug.app */,
				177C734019A59A3D001BF2C1 /* ShutterbugTests.xctest */,
			);
			name = Products;
			sourceTree = "<group>";
		};
		177C732D19A59A3D001BF2C1 /* Shutterbug */ = {
			isa = PBXGroup;
			children = (
				177C735919A5A71D001BF2C1 /* ImageViewController.swift */,
				177C735019A59A79001BF2C1 /* FlickrFetcher.swift */,
				177C733019A59A3D001BF2C1 /* AppDelegate.swift */,
				177C733519A59A3D001BF2C1 /* ViewController.swift */,
				177C735519A59BB1001BF2C1 /* FlickrPhotosTVC.swift */,
				177C735719A59C9D001BF2C1 /* JustPostedFlickrPhotosTVC.swift */,
				177C733719A59A3D001BF2C1 /* Main_iPhone.storyboard */,
				177C735219A59AC2001BF2C1 /* Main_iPad.storyboard */,
				177C733A19A59A3D001BF2C1 /* Images.xcassets */,
				177C733219A59A3D001BF2C1 /* Shutterbug.xcdatamodeld */,
				177C732E19A59A3D001BF2C1 /* Supporting Files */,
			);
			path = Shutterbug;
			sourceTree = "<group>";
		};
		177C732E19A59A3D001BF2C1 /* Supporting Files */ = {
			isa = PBXGroup;
			children = (
				177C732F19A59A3D001BF2C1 /* Info.plist */,
			);
			name = "Supporting Files";
			sourceTree = "<group>";
		};
		177C734319A59A3D001BF2C1 /* ShutterbugTests */ = {
			isa = PBXGroup;
			children = (
				177C734619A59A3D001BF2C1 /* ShutterbugTests.swift */,
				177C734419A59A3D001BF2C1 /* Supporting Files */,
			);
			path = ShutterbugTests;
			sourceTree = "<group>";
		};
		177C734419A59A3D001BF2C1 /* Supporting Files */ = {
			isa = PBXGroup;
			children = (
				177C734519A59A3D001BF2C1 /* Info.plist */,
			);
			name = "Supporting Files";
			sourceTree = "<group>";
		};
/* End PBXGroup section */

/* Begin PBXNativeTarget section */
		177C732A19A59A3D001BF2C1 /* Shutterbug */ = {
			isa = PBXNativeTarget;
			buildConfigurationList = 177C734A19A59A3D001BF2C1 /* Build configuration list for PBXNativeTarget "Shutterbug" */;
			buildPhases = (
				177C732719A59A3D001BF2C1 /* Sources */,
				177C732819A59A3D001BF2C1 /* Frameworks */,
				177C732919A59A3D001BF2C1 /* Resources */,
			);
			buildRules = (
			);
			dependencies = (
			);
			name = Shutterbug;
			productName = Shutterbug;
			productReference = 177C732B19A59A3D001BF2C1 /* Shutterbug.app */;
			productType = "com.apple.product-type.application";
		};
		177C733F19A59A3D001BF2C1 /* ShutterbugTests */ = {
			isa = PBXNativeTarget;
			buildConfigurationList = 177C734D19A59A3D001BF2C1 /* Build configuration list for PBXNativeTarget "ShutterbugTests" */;
			buildPhases = (
				177C733C19A59A3D001BF2C1 /* Sources */,
				177C733D19A59A3D001BF2C1 /* Frameworks */,
				177C733E19A59A3D001BF2C1 /* Resources */,
			);
			buildRules = (
			);
			dependencies = (
				177C734219A59A3D001BF2C1 /* PBXTargetDependency */,
			);
			name = ShutterbugTests;
			productName = ShutterbugTests;
			productReference = 177C734019A59A3D001BF2C1 /* ShutterbugTests.xctest */;
			productType = "com.apple.product-type.bundle.unit-test";
		};
/* End PBXNativeTarget section */

/* Begin PBXProject section */
		177C732319A59A3D001BF2C1 /* Project object */ = {
			isa = PBXProject;
			attributes = {
				LastUpgradeCheck = 0600;
				ORGANIZATIONNAME = classroomM;
				TargetAttributes = {
					177C732A19A59A3D001BF2C1 = {
						CreatedOnToolsVersion = 6.0;
					};
					177C733F19A59A3D001BF2C1 = {
						CreatedOnToolsVersion = 6.0;
						TestTargetID = 177C732A19A59A3D001BF2C1;
					};
				};
			};
			buildConfigurationList = 177C732619A59A3D001BF2C1 /* Build configuration list for PBXProject "Shutterbug" */;
			compatibilityVersion = "Xcode 3.2";
			developmentRegion = English;
			hasScannedForEncodings = 0;
			knownRegions = (
				en,
				Base,
			);
			mainGroup = 177C732219A59A3D001BF2C1;
			productRefGroup = 177C732C19A59A3D001BF2C1 /* Products */;
			projectDirPath = "";
			projectRoot = "";
			targets = (
				177C732A19A59A3D001BF2C1 /* Shutterbug */,
				177C733F19A59A3D001BF2C1 /* ShutterbugTests */,
			);
		};
/* End PBXProject section */

/* Begin PBXResourcesBuildPhase section */
		177C732919A59A3D001BF2C1 /* Resources */ = {
			isa = PBXResourcesBuildPhase;
			buildActionMask = 2147483647;
			files = (
				177C735419A59AC2001BF2C1 /* Main_iPad.storyboard in Resources */,
				177C733919A59A3D001BF2C1 /* Main_iPhone.storyboard in Resources */,
				177C733B19A59A3D001BF2C1 /* Images.xcassets in Resources */,
			);
			runOnlyForDeploymentPostprocessing = 0;
		};
		177C733E19A59A3D001BF2C1 /* Resources */ = {
			isa = PBXResourcesBuildPhase;
			buildActionMask = 2147483647;
			files = (
			);
			runOnlyForDeploymentPostprocessing = 0;
		};
/* End PBXResourcesBuildPhase section */

/* Begin PBXSourcesBuildPhase section */
		177C732719A59A3D001BF2C1 /* Sources */ = {
			isa = PBXSourcesBuildPhase;
			buildActionMask = 2147483647;
			files = (
				177C733619A59A3D001BF2C1 /* ViewController.swift in Sources */,
				177C733419A59A3D001BF2C1 /* Shutterbug.xcdatamodeld in Sources */,
				177C735819A59C9D001BF2C1 /* JustPostedFlickrPhotosTVC.swift in Sources */,
				177C735A19A5A71D001BF2C1 /* ImageViewController.swift in Sources */,
				177C735619A59BB1001BF2C1 /* FlickrPhotosTVC.swift in Sources */,
				177C735119A59A79001BF2C1 /* FlickrFetcher.swift in Sources */,
				177C733119A59A3D001BF2C1 /* AppDelegate.swift in Sources */,
			);
			runOnlyForDeploymentPostprocessing = 0;
		};
		177C733C19A59A3D001BF2C1 /* Sources */ = {
			isa = PBXSourcesBuildPhase;
			buildActionMask = 2147483647;
			files = (
				177C734719A59A3D001BF2C1 /* ShutterbugTests.swift in Sources */,
			);
			runOnlyForDeploymentPostprocessing = 0;
		};
/* End PBXSourcesBuildPhase section */

/* Begin PBXTargetDependency section */
		177C734219A59A3D001BF2C1 /* PBXTargetDependency */ = {
			isa = PBXTargetDependency;
			target = 177C732A19A59A3D001BF2C1 /* Shutterbug */;
			targetProxy = 177C734119A59A3D001BF2C1 /* PBXContainerItemProxy */;
		};
/* End PBXTargetDependency section */

/* Begin PBXVariantGroup section */
		177C733719A59A3D001BF2C1 /* Main_iPhone.storyboard */ = {
			isa = PBXVariantGroup;
			children = (
				177C733819A59A3D001BF2C1 /* Base */,
			);
			name = Main_iPhone.storyboard;
			sourceTree = "<group>";
		};
		177C735219A59AC2001BF2C1 /* Main_iPad.storyboard */ = {
			isa = PBXVariantGroup;
			children = (
				177C735319A59AC2001BF2C1 /* Base */,
			);
			name = Main_iPad.storyboard;
			sourceTree = "<group>";
		};
/* End PBXVariantGroup section */

/* Begin XCBuildConfiguration section */
		177C734819A59A3D001BF2C1 /* Debug */ = {
			isa = XCBuildConfiguration;
			buildSettings = {
				ALWAYS_SEARCH_USER_PATHS = NO;
				CLANG_CXX_LANGUAGE_STANDARD = "gnu++0x";
				CLANG_CXX_LIBRARY = "libc++";
				CLANG_ENABLE_MODULES = YES;
				CLANG_ENABLE_OBJC_ARC = YES;
				CLANG_WARN_BOOL_CONVERSION = YES;
				CLANG_WARN_CONSTANT_CONVERSION = YES;
				CLANG_WARN_DIRECT_OBJC_ISA_USAGE = YES_ERROR;
				CLANG_WARN_EMPTY_BODY = YES;
				CLANG_WARN_ENUM_CONVERSION = YES;
				CLANG_WARN_INT_CONVERSION = YES;
				CLANG_WARN_OBJC_ROOT_CLASS = YES_ERROR;
				CLANG_WARN_UNREACHABLE_CODE = YES;
				CLANG_WARN__DUPLICATE_METHOD_MATCH = YES;
				"CODE_SIGN_IDENTITY[sdk=iphoneos*]" = "iPhone Developer";
				COPY_PHASE_STRIP = NO;
				ENABLE_STRICT_OBJC_MSGSEND = YES;
				GCC_C_LANGUAGE_STANDARD = gnu99;
				GCC_DYNAMIC_NO_PIC = NO;
				GCC_OPTIMIZATION_LEVEL = 0;
				GCC_PREPROCESSOR_DEFINITIONS = (
					"DEBUG=1",
					"$(inherited)",
				);
				GCC_SYMBOLS_PRIVATE_EXTERN = NO;
				GCC_WARN_64_TO_32_BIT_CONVERSION = YES;
				GCC_WARN_ABOUT_RETURN_TYPE = YES_ERROR;
				GCC_WARN_UNDECLARED_SELECTOR = YES;
				GCC_WARN_UNINITIALIZED_AUTOS = YES_AGGRESSIVE;
				GCC_WARN_UNUSED_FUNCTION = YES;
				GCC_WARN_UNUSED_VARIABLE = YES;
				IPHONEOS_DEPLOYMENT_TARGET = 8.0;
				MTL_ENABLE_DEBUG_INFO = YES;
				ONLY_ACTIVE_ARCH = YES;
				SDKROOT = iphoneos;
				SWIFT_OPTIMIZATION_LEVEL = "-Onone";
				TARGETED_DEVICE_FAMILY = "1,2";
			};
			name = Debug;
		};
		177C734919A59A3D001BF2C1 /* Release */ = {
			isa = XCBuildConfiguration;
			buildSettings = {
				ALWAYS_SEARCH_USER_PATHS = NO;
				CLANG_CXX_LANGUAGE_STANDARD = "gnu++0x";
				CLANG_CXX_LIBRARY = "libc++";
				CLANG_ENABLE_MODULES = YES;
				CLANG_ENABLE_OBJC_ARC = YES;
				CLANG_WARN_BOOL_CONVERSION = YES;
				CLANG_WARN_CONSTANT_CONVERSION = YES;
				CLANG_WARN_DIRECT_OBJC_ISA_USAGE = YES_ERROR;
				CLANG_WARN_EMPTY_BODY = YES;
				CLANG_WARN_ENUM_CONVERSION = YES;
				CLANG_WARN_INT_CONVERSION = YES;
				CLANG_WARN_OBJC_ROOT_CLASS = YES_ERROR;
				CLANG_WARN_UNREACHABLE_CODE = YES;
				CLANG_WARN__DUPLICATE_METHOD_MATCH = YES;
				"CODE_SIGN_IDENTITY[sdk=iphoneos*]" = "iPhone Developer";
				COPY_PHASE_STRIP = YES;
				ENABLE_NS_ASSERTIONS = NO;
				ENABLE_STRICT_OBJC_MSGSEND = YES;
				GCC_C_LANGUAGE_STANDARD = gnu99;
				GCC_WARN_64_TO_32_BIT_CONVERSION = YES;
				GCC_WARN_ABOUT_RETURN_TYPE = YES_ERROR;
				GCC_WARN_UNDECLARED_SELECTOR = YES;
				GCC_WARN_UNINITIALIZED_AUTOS = YES_AGGRESSIVE;
				GCC_WARN_UNUSED_FUNCTION = YES;
				GCC_WARN_UNUSED_VARIABLE = YES;
				IPHONEOS_DEPLOYMENT_TARGET = 8.0;
				MTL_ENABLE_DEBUG_INFO = NO;
				SDKROOT = iphoneos;
				TARGETED_DEVICE_FAMILY = "1,2";
				VALIDATE_PRODUCT = YES;
			};
			name = Release;
		};
		177C734B19A59A3D001BF2C1 /* Debug */ = {
			isa = XCBuildConfiguration;
			buildSettings = {
				ASSETCATALOG_COMPILER_APPICON_NAME = AppIcon;
				ASSETCATALOG_COMPILER_LAUNCHIMAGE_NAME = LaunchImage;
				INFOPLIST_FILE = Shutterbug/Info.plist;
				LD_RUNPATH_SEARCH_PATHS = "$(inherited) @executable_path/Frameworks";
				PRODUCT_NAME = "$(TARGET_NAME)";
				TARGETED_DEVICE_FAMILY = "1,2";
			};
			name = Debug;
		};
		177C734C19A59A3D001BF2C1 /* Release */ = {
			isa = XCBuildConfiguration;
			buildSettings = {
				ASSETCATALOG_COMPILER_APPICON_NAME = AppIcon;
				ASSETCATALOG_COMPILER_LAUNCHIMAGE_NAME = LaunchImage;
				INFOPLIST_FILE = Shutterbug/Info.plist;
				LD_RUNPATH_SEARCH_PATHS = "$(inherited) @executable_path/Frameworks";
				PRODUCT_NAME = "$(TARGET_NAME)";
				TARGETED_DEVICE_FAMILY = "1,2";
			};
			name = Release;
		};
		177C734E19A59A3D001BF2C1 /* Debug */ = {
			isa = XCBuildConfiguration;
			buildSettings = {
				BUNDLE_LOADER = "$(TEST_HOST)";
				FRAMEWORK_SEARCH_PATHS = (
					"$(SDKROOT)/Developer/Library/Frameworks",
					"$(inherited)",
				);
				GCC_PREPROCESSOR_DEFINITIONS = (
					"DEBUG=1",
					"$(inherited)",
				);
				INFOPLIST_FILE = ShutterbugTests/Info.plist;
				LD_RUNPATH_SEARCH_PATHS = "$(inherited) @executable_path/Frameworks @loader_path/Frameworks";
				PRODUCT_NAME = "$(TARGET_NAME)";
				TEST_HOST = "$(BUILT_PRODUCTS_DIR)/Shutterbug.app/Shutterbug";
			};
			name = Debug;
		};
		177C734F19A59A3D001BF2C1 /* Release */ = {
			isa = XCBuildConfiguration;
			buildSettings = {
				BUNDLE_LOADER = "$(TEST_HOST)";
				FRAMEWORK_SEARCH_PATHS = (
					"$(SDKROOT)/Developer/Library/Frameworks",
					"$(inherited)",
				);
				INFOPLIST_FILE = ShutterbugTests/Info.plist;
				LD_RUNPATH_SEARCH_PATHS = "$(inherited) @executable_path/Frameworks @loader_path/Frameworks";
				PRODUCT_NAME = "$(TARGET_NAME)";
				TEST_HOST = "$(BUILT_PRODUCTS_DIR)/Shutterbug.app/Shutterbug";
			};
			name = Release;
		};
/* End XCBuildConfiguration section */

/* Begin XCConfigurationList section */
		177C732619A59A3D001BF2C1 /* Build configuration list for PBXProject "Shutterbug" */ = {
			isa = XCConfigurationList;
			buildConfigurations = (
				177C734819A59A3D001BF2C1 /* Debug */,
				177C734919A59A3D001BF2C1 /* Release */,
			);
			defaultConfigurationIsVisible = 0;
			defaultConfigurationName = Release;
		};
		177C734A19A59A3D001BF2C1 /* Build configuration list for PBXNativeTarget "Shutterbug" */ = {
			isa = XCConfigurationList;
			buildConfigurations = (
				177C734B19A59A3D001BF2C1 /* Debug */,
				177C734C19A59A3D001BF2C1 /* Release */,
			);
			defaultConfigurationIsVisible = 0;
		};
		177C734D19A59A3D001BF2C1 /* Build configuration list for PBXNativeTarget "ShutterbugTests" */ = {
			isa = XCConfigurationList;
			buildConfigurations = (
				177C734E19A59A3D001BF2C1 /* Debug */,
				177C734F19A59A3D001BF2C1 /* Release */,
			);
			defaultConfigurationIsVisible = 0;
		};
/* End XCConfigurationList section */

/* Begin XCVersionGroup section */
		177C733219A59A3D001BF2C1 /* Shutterbug.xcdatamodeld */ = {
			isa = XCVersionGroup;
			children = (
				177C733319A59A3D001BF2C1 /* Shutterbug.xcdatamodel */,
			);
			currentVersion = 177C733319A59A3D001BF2C1 /* Shutterbug.xcdatamodel */;
			path = Shutterbug.xcdatamodeld;
			sourceTree = "<group>";
			versionGroupType = wrapper.xcdatamodel;
		};
/* End XCVersionGroup section */
	};
	rootObject = 177C732319A59A3D001BF2C1 /* Project object */;
}
